
Microsoft Visual Studio Solution File, Format Version 12.00
# Visual Studio Version 17
VisualStudioVersion = 17.9.34622.214
MinimumVisualStudioVersion = 10.0.40219.1
Project("{FAE04EC0-301F-11D3-BF4B-00C04F79EFBC}") = "CapaPresentacion", "NANAS&AMAS\CapaPresentacion.csproj", "{913AA945-EDEE-4433-8BB1-3086FC9BE409}"
EndProject
Project("{FAE04EC0-301F-11D3-BF4B-00C04F79EFBC}") = "CapaEntidad", "CapaEntidad\CapaEntidad.csproj", "{C77146A8-8EF7-4DB9-8750-B812021A80DA}"
EndProject
Project("{FAE04EC0-301F-11D3-BF4B-00C04F79EFBC}") = "CapaDatos", "CapaDatos\CapaDatos.csproj", "{ADAA0385-B6F7-4211-8646-72BF8F8A1DD6}"
EndProject
Project("{FAE04EC0-301F-11D3-BF4B-00C04F79EFBC}") = "CapaLogica", "CapaLogica\CapaLogica.csproj", "{8C50EF06-68A1-43E2-9128-CEE779C6FC91}"
EndProject
Global
	GlobalSection(SolutionConfigurationPlatforms) = preSolution
		Debug|Any CPU = Debug|Any CPU
		Release|Any CPU = Release|Any CPU
	EndGlobalSection
	GlobalSection(ProjectConfigurationPlatforms) = postSolution
		{913AA945-EDEE-4433-8BB1-3086FC9BE409}.Debug|Any CPU.ActiveCfg = Debug|Any CPU
		{913AA945-EDEE-4433-8BB1-3086FC9BE409}.Debug|Any CPU.Build.0 = Debug|Any CPU
		{913AA945-EDEE-4433-8BB1-3086FC9BE409}.Release|Any CPU.ActiveCfg = Release|Any CPU
		{913AA945-EDEE-4433-8BB1-3086FC9BE409}.Release|Any CPU.Build.0 = Release|Any CPU
		{C77146A8-8EF7-4DB9-8750-B812021A80DA}.Debug|Any CPU.ActiveCfg = Debug|Any CPU
		{C77146A8-8EF7-4DB9-8750-B812021A80DA}.Debug|Any CPU.Build.0 = Debug|Any CPU
		{C77146A8-8EF7-4DB9-8750-B812021A80DA}.Release|Any CPU.ActiveCfg = Release|Any CPU
		{C77146A8-8EF7-4DB9-8750-B812021A80DA}.Release|Any CPU.Build.0 = Release|Any CPU
		{ADAA0385-B6F7-4211-8646-72BF8F8A1DD6}.Debug|Any CPU.ActiveCfg = Debug|Any CPU
		{ADAA0385-B6F7-4211-8646-72BF8F8A1DD6}.Debug|Any CPU.Build.0 = Debug|Any CPU
		{ADAA0385-B6F7-4211-8646-72BF8F8A1DD6}.Release|Any CPU.ActiveCfg = Release|Any CPU
		{ADAA0385-B6F7-4211-8646-72BF8F8A1DD6}.Release|Any CPU.Build.0 = Release|Any CPU
		{8C50EF06-68A1-43E2-9128-CEE779C6FC91}.Debug|Any CPU.ActiveCfg = Debug|Any CPU
		{8C50EF06-68A1-43E2-9128-CEE779C6FC91}.Debug|Any CPU.Build.0 = Debug|Any CPU
		{8C50EF06-68A1-43E2-9128-CEE779C6FC91}.Release|Any CPU.ActiveCfg = Release|Any CPU
		{8C50EF06-68A1-43E2-9128-CEE779C6FC91}.Release|Any CPU.Build.0 = Release|Any CPU
	EndGlobalSection
	GlobalSection(SolutionProperties) = preSolution
		HideSolutionNode = FALSE
	EndGlobalSection
	GlobalSection(ExtensibilityGlobals) = postSolution
		SolutionGuid = {84A4CF11-2CB1-42D3-974A-68F354E36BB2}
	EndGlobalSection
EndGlobal
